{
  "name": "tabris-rocks",
  "lockfileVersion": 2,
  "requires": true,
  "packages": {
    "": {
      "dependencies": {
        "tabris": "^3.8.0-dev.20211005"
      }
    },
    "node_modules/tabris": {
      "version": "3.8.0-dev.20211005",
      "resolved": "https://registry.npmjs.org/tabris/-/tabris-3.8.0-dev.20211005.tgz",
      "integrity": "sha512-iLzqPIvxX9/wZQtFNOiKsrmkHAp7XBJ3xtXYBr/MU9Dakz1DuoEU2qhttb9CJzCn6EPXMVQIBOD1El/uNsDf3A=="
    }
  },
  "dependencies": {
    "tabris": {
      "version": "3.8.0-dev.20211005",
      "resolved": "https://registry.npmjs.org/tabris/-/tabris-3.8.0-dev.20211005.tgz",
      "integrity": "sha512-iLzqPIvxX9/wZQtFNOiKsrmkHAp7XBJ3xtXYBr/MU9Dakz1DuoEU2qhttb9CJzCn6EPXMVQIBOD1El/uNsDf3A=="
    }
  }
}
